// !$*UTF8*$!
{
	archiveVersion = 1;
	classes = {
	};
	objectVersion = 50;
	objects = {

/* Begin PBXBuildFile section */
		9B2224B022D92B3C00200D2D /* AppDelegate.swift in Sources */ = {isa = PBXBuildFile; fileRef = 9B2224AF22D92B3C00200D2D /* AppDelegate.swift */; };
		9B2224B222D92B3C00200D2D /* LoginViewController.swift in Sources */ = {isa = PBXBuildFile; fileRef = 9B2224B122D92B3C00200D2D /* LoginViewController.swift */; };
		9B2224B522D92B3C00200D2D /* Main.storyboard in Resources */ = {isa = PBXBuildFile; fileRef = 9B2224B322D92B3C00200D2D /* Main.storyboard */; };
		9B2224B722D92B3C00200D2D /* Assets.xcassets in Resources */ = {isa = PBXBuildFile; fileRef = 9B2224B622D92B3C00200D2D /* Assets.xcassets */; };
		9B2224BA22D92B3C00200D2D /* LaunchScreen.storyboard in Resources */ = {isa = PBXBuildFile; fileRef = 9B2224B822D92B3C00200D2D /* LaunchScreen.storyboard */; };
		9B2224C222D92BC900200D2D /* image.jpg in Resources */ = {isa = PBXBuildFile; fileRef = 9B2224C122D92BC800200D2D /* image.jpg */; };
		9B2224C422D92F3F00200D2D /* Info_detail.plist in Resources */ = {isa = PBXBuildFile; fileRef = 9B2224C322D92F3F00200D2D /* Info_detail.plist */; };
		9B2224C722D9339C00200D2D /* Bill.swift in Sources */ = {isa = PBXBuildFile; fileRef = 9B2224C622D9339C00200D2D /* Bill.swift */; };
		9B2224C922D933B000200D2D /* Customer.swift in Sources */ = {isa = PBXBuildFile; fileRef = 9B2224C822D933B000200D2D /* Customer.swift */; };
		9B2224CB22D933BC00200D2D /* Hydro.swift in Sources */ = {isa = PBXBuildFile; fileRef = 9B2224CA22D933BC00200D2D /* Hydro.swift */; };
		9B2224CD22D933CD00200D2D /* Internet.swift in Sources */ = {isa = PBXBuildFile; fileRef = 9B2224CC22D933CD00200D2D /* Internet.swift */; };
		9B2224D122D9340800200D2D /* Mobile.swift in Sources */ = {isa = PBXBuildFile; fileRef = 9B2224D022D9340800200D2D /* Mobile.swift */; };
		9B2224D322D9341400200D2D /* User.swift in Sources */ = {isa = PBXBuildFile; fileRef = 9B2224D222D9341400200D2D /* User.swift */; };
		9B2224D622D9349200200D2D /* BillType.swift in Sources */ = {isa = PBXBuildFile; fileRef = 9B2224D522D9349200200D2D /* BillType.swift */; };
		9B2224D822D934AD00200D2D /* Customer error.swift in Sources */ = {isa = PBXBuildFile; fileRef = 9B2224D722D934AD00200D2D /* Customer error.swift */; };
		9B2224DA22D934F900200D2D /* StringExtension.swift in Sources */ = {isa = PBXBuildFile; fileRef = 9B2224D922D934F900200D2D /* StringExtension.swift */; };
		9B2224DC22D9351500200D2D /* IDisplay.swift in Sources */ = {isa = PBXBuildFile; fileRef = 9B2224DB22D9351500200D2D /* IDisplay.swift */; };
		9B2224DE22D9352B00200D2D /* CountryType.swift in Sources */ = {isa = PBXBuildFile; fileRef = 9B2224DD22D9352B00200D2D /* CountryType.swift */; };
		9B2224E022D9355000200D2D /* ExtensionInt.swift in Sources */ = {isa = PBXBuildFile; fileRef = 9B2224DF22D9355000200D2D /* ExtensionInt.swift */; };
		9B2224E222D9356A00200D2D /* ExtensionDate.swift in Sources */ = {isa = PBXBuildFile; fileRef = 9B2224E122D9356A00200D2D /* ExtensionDate.swift */; };
		9B2224E422D9358C00200D2D /* ExtensionFloat.swift in Sources */ = {isa = PBXBuildFile; fileRef = 9B2224E322D9358C00200D2D /* ExtensionFloat.swift */; };
		9B2224E622D9381200200D2D /* StudentData.swift in Sources */ = {isa = PBXBuildFile; fileRef = 9B2224E522D9381200200D2D /* StudentData.swift */; };
		9B2224E822D938C900200D2D /* CustomerListViewController.swift in Sources */ = {isa = PBXBuildFile; fileRef = 9B2224E722D938C900200D2D /* CustomerListViewController.swift */; };
		9B2224EA22D9402300200D2D /* BillListViewController.swift in Sources */ = {isa = PBXBuildFile; fileRef = 9B2224E922D9402300200D2D /* BillListViewController.swift */; };
		9B2224EC22D944AF00200D2D /* UserLoginViewController.swift in Sources */ = {isa = PBXBuildFile; fileRef = 9B2224EB22D944AF00200D2D /* UserLoginViewController.swift */; };
		9B2224EE22D94D8200200D2D /* NewBillViewController.swift in Sources */ = {isa = PBXBuildFile; fileRef = 9B2224ED22D94D8200200D2D /* NewBillViewController.swift */; };
/* End PBXBuildFile section */

/* Begin PBXFileReference section */
		9B2224AC22D92B3C00200D2D /* C0754427_MidTerm_MAD3115S2019.app */ = {isa = PBXFileReference; explicitFileType = wrapper.application; includeInIndex = 0; path = C0754427_MidTerm_MAD3115S2019.app; sourceTree = BUILT_PRODUCTS_DIR; };
		9B2224AF22D92B3C00200D2D /* AppDelegate.swift */ = {isa = PBXFileReference; lastKnownFileType = sourcecode.swift; path = AppDelegate.swift; sourceTree = "<group>"; };
		9B2224B122D92B3C00200D2D /* LoginViewController.swift */ = {isa = PBXFileReference; lastKnownFileType = sourcecode.swift; path = LoginViewController.swift; sourceTree = "<group>"; };
		9B2224B422D92B3C00200D2D /* Base */ = {isa = PBXFileReference; lastKnownFileType = file.storyboard; name = Base; path = Base.lproj/Main.storyboard; sourceTree = "<group>"; };
		9B2224B622D92B3C00200D2D /* Assets.xcassets */ = {isa = PBXFileReference; lastKnownFileType = folder.assetcatalog; path = Assets.xcassets; sourceTree = "<group>"; };
		9B2224B922D92B3C00200D2D /* Base */ = {isa = PBXFileReference; lastKnownFileType = file.storyboard; name = Base; path = Base.lproj/LaunchScreen.storyboard; sourceTree = "<group>"; };
		9B2224BB22D92B3C00200D2D /* Info.plist */ = {isa = PBXFileReference; lastKnownFileType = text.plist.xml; path = Info.plist; sourceTree = "<group>"; };
		9B2224C122D92BC800200D2D /* image.jpg */ = {isa = PBXFileReference; lastKnownFileType = image.jpeg; name = image.jpg; path = ../../../../Downloads/image.jpg; sourceTree = "<group>"; };
		9B2224C322D92F3F00200D2D /* Info_detail.plist */ = {isa = PBXFileReference; lastKnownFileType = text.plist.xml; path = Info_detail.plist; sourceTree = "<group>"; };
		9B2224C622D9339C00200D2D /* Bill.swift */ = {isa = PBXFileReference; lastKnownFileType = sourcecode.swift; path = Bill.swift; sourceTree = "<group>"; };
		9B2224C822D933B000200D2D /* Customer.swift */ = {isa = PBXFileReference; lastKnownFileType = sourcecode.swift; path = Customer.swift; sourceTree = "<group>"; };
		9B2224CA22D933BC00200D2D /* Hydro.swift */ = {isa = PBXFileReference; lastKnownFileType = sourcecode.swift; path = Hydro.swift; sourceTree = "<group>"; };
		9B2224CC22D933CD00200D2D /* Internet.swift */ = {isa = PBXFileReference; lastKnownFileType = sourcecode.swift; path = Internet.swift; sourceTree = "<group>"; };
		9B2224D022D9340800200D2D /* Mobile.swift */ = {isa = PBXFileReference; lastKnownFileType = sourcecode.swift; path = Mobile.swift; sourceTree = "<group>"; };
		9B2224D222D9341400200D2D /* User.swift */ = {isa = PBXFileReference; lastKnownFileType = sourcecode.swift; path = User.swift; sourceTree = "<group>"; };
		9B2224D522D9349200200D2D /* BillType.swift */ = {isa = PBXFileReference; lastKnownFileType = sourcecode.swift; path = BillType.swift; sourceTree = "<group>"; };
		9B2224D722D934AD00200D2D /* Customer error.swift */ = {isa = PBXFileReference; lastKnownFileType = sourcecode.swift; path = "Customer error.swift"; sourceTree = "<group>"; };
		9B2224D922D934F900200D2D /* StringExtension.swift */ = {isa = PBXFileReference; lastKnownFileType = sourcecode.swift; path = StringExtension.swift; sourceTree = "<group>"; };
		9B2224DB22D9351500200D2D /* IDisplay.swift */ = {isa = PBXFileReference; lastKnownFileType = sourcecode.swift; path = IDisplay.swift; sourceTree = "<group>"; };
		9B2224DD22D9352B00200D2D /* CountryType.swift */ = {isa = PBXFileReference; lastKnownFileType = sourcecode.swift; path = CountryType.swift; sourceTree = "<group>"; };
		9B2224DF22D9355000200D2D /* ExtensionInt.swift */ = {isa = PBXFileReference; lastKnownFileType = sourcecode.swift; path = ExtensionInt.swift; sourceTree = "<group>"; };
		9B2224E122D9356A00200D2D /* ExtensionDate.swift */ = {isa = PBXFileReference; lastKnownFileType = sourcecode.swift; path = ExtensionDate.swift; sourceTree = "<group>"; };
		9B2224E322D9358C00200D2D /* ExtensionFloat.swift */ = {isa = PBXFileReference; lastKnownFileType = sourcecode.swift; path = ExtensionFloat.swift; sourceTree = "<group>"; };
		9B2224E522D9381200200D2D /* StudentData.swift */ = {isa = PBXFileReference; lastKnownFileType = sourcecode.swift; path = StudentData.swift; sourceTree = "<group>"; };
		9B2224E722D938C900200D2D /* CustomerListViewController.swift */ = {isa = PBXFileReference; lastKnownFileType = sourcecode.swift; path = CustomerListViewController.swift; sourceTree = "<group>"; };
		9B2224E922D9402300200D2D /* BillListViewController.swift */ = {isa = PBXFileReference; lastKnownFileType = sourcecode.swift; path = BillListViewController.swift; sourceTree = "<group>"; };
		9B2224EB22D944AF00200D2D /* UserLoginViewController.swift */ = {isa = PBXFileReference; lastKnownFileType = sourcecode.swift; path = UserLoginViewController.swift; sourceTree = "<group>"; };
		9B2224ED22D94D8200200D2D /* NewBillViewController.swift */ = {isa = PBXFileReference; lastKnownFileType = sourcecode.swift; path = NewBillViewController.swift; sourceTree = "<group>"; };
/* End PBXFileReference section */

/* Begin PBXFrameworksBuildPhase section */
		9B2224A922D92B3C00200D2D /* Frameworks */ = {
			isa = PBXFrameworksBuildPhase;
			buildActionMask = 2147483647;
			files = (
			);
			runOnlyForDeploymentPostprocessing = 0;
		};
/* End PBXFrameworksBuildPhase section */

/* Begin PBXGroup section */
		9B2224A322D92B3C00200D2D = {
			isa = PBXGroup;
			children = (
				9B2224AE22D92B3C00200D2D /* C0754427_MidTerm_MAD3115S2019 */,
				9B2224AD22D92B3C00200D2D /* Products */,
			);
			sourceTree = "<group>";
		};
		9B2224AD22D92B3C00200D2D /* Products */ = {
			isa = PBXGroup;
			children = (
				9B2224AC22D92B3C00200D2D /* C0754427_MidTerm_MAD3115S2019.app */,
			);
			name = Products;
			sourceTree = "<group>";
		};
		9B2224AE22D92B3C00200D2D /* C0754427_MidTerm_MAD3115S2019 */ = {
			isa = PBXGroup;
			children = (
				9B2224D422D9347400200D2D /* Extension */,
				9B2224C522D9338300200D2D /* New Group */,
				9B2224AF22D92B3C00200D2D /* AppDelegate.swift */,
				9B2224B122D92B3C00200D2D /* LoginViewController.swift */,
				9B2224B322D92B3C00200D2D /* Main.storyboard */,
				9B2224B622D92B3C00200D2D /* Assets.xcassets */,
				9B2224B822D92B3C00200D2D /* LaunchScreen.storyboard */,
				9B2224C122D92BC800200D2D /* image.jpg */,
				9B2224BB22D92B3C00200D2D /* Info.plist */,
				9B2224C322D92F3F00200D2D /* Info_detail.plist */,
				9B2224E522D9381200200D2D /* StudentData.swift */,
				9B2224E722D938C900200D2D /* CustomerListViewController.swift */,
				9B2224E922D9402300200D2D /* BillListViewController.swift */,
				9B2224EB22D944AF00200D2D /* UserLoginViewController.swift */,
				9B2224ED22D94D8200200D2D /* NewBillViewController.swift */,
			);
			path = C0754427_MidTerm_MAD3115S2019;
			sourceTree = "<group>";
		};
		9B2224C522D9338300200D2D /* New Group */ = {
			isa = PBXGroup;
			children = (
				9B2224C822D933B000200D2D /* Customer.swift */,
				9B2224C622D9339C00200D2D /* Bill.swift */,
				9B2224CA22D933BC00200D2D /* Hydro.swift */,
				9B2224CC22D933CD00200D2D /* Internet.swift */,
				9B2224D022D9340800200D2D /* Mobile.swift */,
				9B2224D222D9341400200D2D /* User.swift */,
			);
			path = "New Group";
			sourceTree = "<group>";
		};
		9B2224D422D9347400200D2D /* Extension */ = {
			isa = PBXGroup;
			children = (
				9B2224D522D9349200200D2D /* BillType.swift */,
				9B2224D722D934AD00200D2D /* Customer error.swift */,
				9B2224D922D934F900200D2D /* StringExtension.swift */,
				9B2224DB22D9351500200D2D /* IDisplay.swift */,
				9B2224DD22D9352B00200D2D /* CountryType.swift */,
				9B2224DF22D9355000200D2D /* ExtensionInt.swift */,
				9B2224E122D9356A00200D2D /* ExtensionDate.swift */,
				9B2224E322D9358C00200D2D /* ExtensionFloat.swift */,
			);
			path = Extension;
			sourceTree = "<group>";
		};
/* End PBXGroup section */

/* Begin PBXNativeTarget section */
		9B2224AB22D92B3C00200D2D /* C0754427_MidTerm_MAD3115S2019 */ = {
			isa = PBXNativeTarget;
			buildConfigurationList = 9B2224BE22D92B3C00200D2D /* Build configuration list for PBXNativeTarget "C0754427_MidTerm_MAD3115S2019" */;
			buildPhases = (
				9B2224A822D92B3C00200D2D /* Sources */,
				9B2224A922D92B3C00200D2D /* Frameworks */,
				9B2224AA22D92B3C00200D2D /* Resources */,
			);
			buildRules = (
			);
			dependencies = (
			);
			name = C0754427_MidTerm_MAD3115S2019;
			productName = C0754427_MidTerm_MAD3115S2019;
			productReference = 9B2224AC22D92B3C00200D2D /* C0754427_MidTerm_MAD3115S2019.app */;
			productType = "com.apple.product-type.application";
		};
/* End PBXNativeTarget section */

/* Begin PBXProject section */
		9B2224A422D92B3C00200D2D /* Project object */ = {
			isa = PBXProject;
			attributes = {
				LastSwiftUpdateCheck = 1020;
				LastUpgradeCheck = 1020;
				ORGANIZATIONNAME = MacStudent;
				TargetAttributes = {
					9B2224AB22D92B3C00200D2D = {
						CreatedOnToolsVersion = 10.2.1;
					};
				};
			};
			buildConfigurationList = 9B2224A722D92B3C00200D2D /* Build configuration list for PBXProject "C0754427_MidTerm_MAD3115S2019" */;
			compatibilityVersion = "Xcode 9.3";
			developmentRegion = en;
			hasScannedForEncodings = 0;
			knownRegions = (
				en,
				Base,
			);
			mainGroup = 9B2224A322D92B3C00200D2D;
			productRefGroup = 9B2224AD22D92B3C00200D2D /* Products */;
			projectDirPath = "";
			projectRoot = "";
			targets = (
				9B2224AB22D92B3C00200D2D /* C0754427_MidTerm_MAD3115S2019 */,
			);
		};
/* End PBXProject section */

/* Begin PBXResourcesBuildPhase section */
		9B2224AA22D92B3C00200D2D /* Resources */ = {
			isa = PBXResourcesBuildPhase;
			buildActionMask = 2147483647;
			files = (
				9B2224BA22D92B3C00200D2D /* LaunchScreen.storyboard in Resources */,
				9B2224B722D92B3C00200D2D /* Assets.xcassets in Resources */,
				9B2224B522D92B3C00200D2D /* Main.storyboard in Resources */,
				9B2224C222D92BC900200D2D /* image.jpg in Resources */,
				9B2224C422D92F3F00200D2D /* Info_detail.plist in Resources */,
			);
			runOnlyForDeploymentPostprocessing = 0;
		};
/* End PBXResourcesBuildPhase section */

/* Begin PBXSourcesBuildPhase section */
		9B2224A822D92B3C00200D2D /* Sources */ = {
			isa = PBXSourcesBuildPhase;
			buildActionMask = 2147483647;
			files = (
				9B2224CD22D933CD00200D2D /* Internet.swift in Sources */,
				9B2224D822D934AD00200D2D /* Customer error.swift in Sources */,
				9B2224EE22D94D8200200D2D /* NewBillViewController.swift in Sources */,
				9B2224E622D9381200200D2D /* StudentData.swift in Sources */,
				9B2224E422D9358C00200D2D /* ExtensionFloat.swift in Sources */,
				9B2224CB22D933BC00200D2D /* Hydro.swift in Sources */,
				9B2224B222D92B3C00200D2D /* LoginViewController.swift in Sources */,
				9B2224DE22D9352B00200D2D /* CountryType.swift in Sources */,
				9B2224D122D9340800200D2D /* Mobile.swift in Sources */,
				9B2224D322D9341400200D2D /* User.swift in Sources */,
				9B2224E022D9355000200D2D /* ExtensionInt.swift in Sources */,
				9B2224E822D938C900200D2D /* CustomerListViewController.swift in Sources */,
				9B2224EC22D944AF00200D2D /* UserLoginViewController.swift in Sources */,
				9B2224C722D9339C00200D2D /* Bill.swift in Sources */,
				9B2224D622D9349200200D2D /* BillType.swift in Sources */,
				9B2224DC22D9351500200D2D /* IDisplay.swift in Sources */,
				9B2224B022D92B3C00200D2D /* AppDelegate.swift in Sources */,
				9B2224DA22D934F900200D2D /* StringExtension.swift in Sources */,
				9B2224E222D9356A00200D2D /* ExtensionDate.swift in Sources */,
				9B2224C922D933B000200D2D /* Customer.swift in Sources */,
				9B2224EA22D9402300200D2D /* BillListViewController.swift in Sources */,
			);
			runOnlyForDeploymentPostprocessing = 0;
		};
/* End PBXSourcesBuildPhase section */

/* Begin PBXVariantGroup section */
		9B2224B322D92B3C00200D2D /* Main.storyboard */ = {
			isa = PBXVariantGroup;
			children = (
				9B2224B422D92B3C00200D2D /* Base */,
			);
			name = Main.storyboard;
			sourceTree = "<group>";
		};
		9B2224B822D92B3C00200D2D /* LaunchScreen.storyboard */ = {
			isa = PBXVariantGroup;
			children = (
				9B2224B922D92B3C00200D2D /* Base */,
			);
			name = LaunchScreen.storyboard;
			sourceTree = "<group>";
		};
/* End PBXVariantGroup section */

/* Begin XCBuildConfiguration section */
		9B2224BC22D92B3C00200D2D /* Debug */ = {
			isa = XCBuildConfiguration;
			buildSettings = {
				ALWAYS_SEARCH_USER_PATHS = NO;
				CLANG_ANALYZER_NONNULL = YES;
				CLANG_ANALYZER_NUMBER_OBJECT_CONVERSION = YES_AGGRESSIVE;
				CLANG_CXX_LANGUAGE_STANDARD = "gnu++14";
				CLANG_CXX_LIBRARY = "libc++";
				CLANG_ENABLE_MODULES = YES;
				CLANG_ENABLE_OBJC_ARC = YES;
				CLANG_ENABLE_OBJC_WEAK = YES;
				CLANG_WARN_BLOCK_CAPTURE_AUTORELEASING = YES;
				CLANG_WARN_BOOL_CONVERSION = YES;
				CLANG_WARN_COMMA = YES;
				CLANG_WARN_CONSTANT_CONVERSION = YES;
				CLANG_WARN_DEPRECATED_OBJC_IMPLEMENTATIONS = YES;
				CLANG_WARN_DIRECT_OBJC_ISA_USAGE = YES_ERROR;
				CLANG_WARN_DOCUMENTATION_COMMENTS = YES;
				CLANG_WARN_EMPTY_BODY = YES;
				CLANG_WARN_ENUM_CONVERSION = YES;
				CLANG_WARN_INFINITE_RECURSION = YES;
				CLANG_WARN_INT_CONVERSION = YES;
				CLANG_WARN_NON_LITERAL_NULL_CONVERSION = YES;
				CLANG_WARN_OBJC_IMPLICIT_RETAIN_SELF = YES;
				CLANG_WARN_OBJC_LITERAL_CONVERSION = YES;
				CLANG_WARN_OBJC_ROOT_CLASS = YES_ERROR;
				CLANG_WARN_RANGE_LOOP_ANALYSIS = YES;
				CLANG_WARN_STRICT_PROTOTYPES = YES;
				CLANG_WARN_SUSPICIOUS_MOVE = YES;
				CLANG_WARN_UNGUARDED_AVAILABILITY = YES_AGGRESSIVE;
				CLANG_WARN_UNREACHABLE_CODE = YES;
				CLANG_WARN__DUPLICATE_METHOD_MATCH = YES;
				CODE_SIGN_IDENTITY = "iPhone Developer";
				COPY_PHASE_STRIP = NO;
				DEBUG_INFORMATION_FORMAT = dwarf;
				ENABLE_STRICT_OBJC_MSGSEND = YES;
				ENABLE_TESTABILITY = YES;
				GCC_C_LANGUAGE_STANDARD = gnu11;
				GCC_DYNAMIC_NO_PIC = NO;
				GCC_NO_COMMON_BLOCKS = YES;
				GCC_OPTIMIZATION_LEVEL = 0;
				GCC_PREPROCESSOR_DEFINITIONS = (
					"DEBUG=1",
					"$(inherited)",
				);
				GCC_WARN_64_TO_32_BIT_CONVERSION = YES;
				GCC_WARN_ABOUT_RETURN_TYPE = YES_ERROR;
				GCC_WARN_UNDECLARED_SELECTOR = YES;
				GCC_WARN_UNINITIALIZED_AUTOS = YES_AGGRESSIVE;
				GCC_WARN_UNUSED_FUNCTION = YES;
				GCC_WARN_UNUSED_VARIABLE = YES;
				IPHONEOS_DEPLOYMENT_TARGET = 12.2;
				MTL_ENABLE_DEBUG_INFO = INCLUDE_SOURCE;
				MTL_FAST_MATH = YES;
				ONLY_ACTIVE_ARCH = YES;
				SDKROOT = iphoneos;
				SWIFT_ACTIVE_COMPILATION_CONDITIONS = DEBUG;
				SWIFT_OPTIMIZATION_LEVEL = "-Onone";
			};
			name = Debug;
		};
		9B2224BD22D92B3C00200D2D /* Release */ = {
			isa = XCBuildConfiguration;
			buildSettings = {
				ALWAYS_SEARCH_USER_PATHS = NO;
				CLANG_ANALYZER_NONNULL = YES;
				CLANG_ANALYZER_NUMBER_OBJECT_CONVERSION = YES_AGGRESSIVE;
				CLANG_CXX_LANGUAGE_STANDARD = "gnu++14";
				CLANG_CXX_LIBRARY = "libc++";
				CLANG_ENABLE_MODULES = YES;
				CLANG_ENABLE_OBJC_ARC = YES;
				CLANG_ENABLE_OBJC_WEAK = YES;
				CLANG_WARN_BLOCK_CAPTURE_AUTORELEASING = YES;
				CLANG_WARN_BOOL_CONVERSION = YES;
				CLANG_WARN_COMMA = YES;
				CLANG_WARN_CONSTANT_CONVERSION = YES;
				CLANG_WARN_DEPRECATED_OBJC_IMPLEMENTATIONS = YES;
				CLANG_WARN_DIRECT_OBJC_ISA_USAGE = YES_ERROR;
				CLANG_WARN_DOCUMENTATION_COMMENTS = YES;
				CLANG_WARN_EMPTY_BODY = YES;
				CLANG_WARN_ENUM_CONVERSION = YES;
				CLANG_WARN_INFINITE_RECURSION = YES;
				CLANG_WARN_INT_CONVERSION = YES;
				CLANG_WARN_NON_LITERAL_NULL_CONVERSION = YES;
				CLANG_WARN_OBJC_IMPLICIT_RETAIN_SELF = YES;
				CLANG_WARN_OBJC_LITERAL_CONVERSION = YES;
				CLANG_WARN_OBJC_ROOT_CLASS = YES_ERROR;
				CLANG_WARN_RANGE_LOOP_ANALYSIS = YES;
				CLANG_WARN_STRICT_PROTOTYPES = YES;
				CLANG_WARN_SUSPICIOUS_MOVE = YES;
				CLANG_WARN_UNGUARDED_AVAILABILITY = YES_AGGRESSIVE;
				CLANG_WARN_UNREACHABLE_CODE = YES;
				CLANG_WARN__DUPLICATE_METHOD_MATCH = YES;
				CODE_SIGN_IDENTITY = "iPhone Developer";
				COPY_PHASE_STRIP = NO;
				DEBUG_INFORMATION_FORMAT = "dwarf-with-dsym";
				ENABLE_NS_ASSERTIONS = NO;
				ENABLE_STRICT_OBJC_MSGSEND = YES;
				GCC_C_LANGUAGE_STANDARD = gnu11;
				GCC_NO_COMMON_BLOCKS = YES;
				GCC_WARN_64_TO_32_BIT_CONVERSION = YES;
				GCC_WARN_ABOUT_RETURN_TYPE = YES_ERROR;
				GCC_WARN_UNDECLARED_SELECTOR = YES;
				GCC_WARN_UNINITIALIZED_AUTOS = YES_AGGRESSIVE;
				GCC_WARN_UNUSED_FUNCTION = YES;
				GCC_WARN_UNUSED_VARIABLE = YES;
				IPHONEOS_DEPLOYMENT_TARGET = 12.2;
				MTL_ENABLE_DEBUG_INFO = NO;
				MTL_FAST_MATH = YES;
				SDKROOT = iphoneos;
				SWIFT_COMPILATION_MODE = wholemodule;
				SWIFT_OPTIMIZATION_LEVEL = "-O";
				VALIDATE_PRODUCT = YES;
			};
			name = Release;
		};
		9B2224BF22D92B3C00200D2D /* Debug */ = {
			isa = XCBuildConfiguration;
			buildSettings = {
				ASSETCATALOG_COMPILER_APPICON_NAME = AppIcon;
				CODE_SIGN_STYLE = Automatic;
				INFOPLIST_FILE = C0754427_MidTerm_MAD3115S2019/Info.plist;
				LD_RUNPATH_SEARCH_PATHS = (
					"$(inherited)",
					"@executable_path/Frameworks",
				);
				PRODUCT_BUNDLE_IDENTIFIER = "CestarCollege.C0754427-MidTerm-MAD3115S2019";
				PRODUCT_NAME = "$(TARGET_NAME)";
				SWIFT_VERSION = 5.0;
				TARGETED_DEVICE_FAMILY = "1,2";
			};
			name = Debug;
		};
		9B2224C022D92B3C00200D2D /* Release */ = {
			isa = XCBuildConfiguration;
			buildSettings = {
				ASSETCATALOG_COMPILER_APPICON_NAME = AppIcon;
				CODE_SIGN_STYLE = Automatic;
				INFOPLIST_FILE = C0754427_MidTerm_MAD3115S2019/Info.plist;
				LD_RUNPATH_SEARCH_PATHS = (
					"$(inherited)",
					"@executable_path/Frameworks",
				);
				PRODUCT_BUNDLE_IDENTIFIER = "CestarCollege.C0754427-MidTerm-MAD3115S2019";
				PRODUCT_NAME = "$(TARGET_NAME)";
				SWIFT_VERSION = 5.0;
				TARGETED_DEVICE_FAMILY = "1,2";
			};
			name = Release;
		};
/* End XCBuildConfiguration section */

/* Begin XCConfigurationList section */
		9B2224A722D92B3C00200D2D /* Build configuration list for PBXProject "C0754427_MidTerm_MAD3115S2019" */ = {
			isa = XCConfigurationList;
			buildConfigurations = (
				9B2224BC22D92B3C00200D2D /* Debug */,
				9B2224BD22D92B3C00200D2D /* Release */,
			);
			defaultConfigurationIsVisible = 0;
			defaultConfigurationName = Release;
		};
		9B2224BE22D92B3C00200D2D /* Build configuration list for PBXNativeTarget "C0754427_MidTerm_MAD3115S2019" */ = {
			isa = XCConfigurationList;
			buildConfigurations = (
				9B2224BF22D92B3C00200D2D /* Debug */,
				9B2224C022D92B3C00200D2D /* Release */,
			);
			defaultConfigurationIsVisible = 0;
			defaultConfigurationName = Release;
		};
/* End XCConfigurationList section */
	};
	rootObject = 9B2224A422D92B3C00200D2D /* Project object */;
}
